
Microsoft Visual Studio Solution File, Format Version 12.00
Project("{FAE04EC0-301F-11D3-BF4B-00C04F79EFBC}") = "Onboarding", "Onboarding\Onboarding\Onboarding.csproj", "{881D7DA7-DB83-45A1-8410-4FB29FE8E753}"
EndProject
Project("{FAE04EC0-301F-11D3-BF4B-00C04F79EFBC}") = "Onboarding.Android", "Onboarding\Onboarding.Android\Onboarding.Android.csproj", "{47532111-17C5-44A8-A16F-380A90602193}"
EndProject
Project("{FAE04EC0-301F-11D3-BF4B-00C04F79EFBC}") = "Onboarding.iOS", "Onboarding\Onboarding.iOS\Onboarding.iOS.csproj", "{6D196709-1B3A-489D-8D05-82EFDA4BA811}"
EndProject
Project("{FAE04EC0-301F-11D3-BF4B-00C04F79EFBC}") = "Onboarding.Models", "Onboarding.Models\Onboarding.Models.csproj", "{3EFF3E58-B888-429F-818E-F722F833CB01}"
EndProject
Project("{FAE04EC0-301F-11D3-BF4B-00C04F79EFBC}") = "Onboarding.Models.Test", "Onboarding.Models.Test\Onboarding.Models.Test.csproj", "{A20834D7-23A6-47C5-A653-3E445DEDD9E8}"
EndProject
Project("{FAE04EC0-301F-11D3-BF4B-00C04F79EFBC}") = "Onboarding.ViewModels.Test", "Onboarding.ViewModels.Test\Onboarding.ViewModels.Test.csproj", "{569564BB-CDD2-409D-A89C-7A323A500F0F}"
EndProject
Project("{FAE04EC0-301F-11D3-BF4B-00C04F79EFBC}") = "Onboarding.ViewModels", "Onboarding.ViewModels\Onboarding.ViewModels.csproj", "{6CDAC3A1-F8FA-4B19-BECC-E6B555FC1DAF}"
EndProject
Global
	GlobalSection(SolutionConfigurationPlatforms) = preSolution
		Ad-Hoc|iPhone = Ad-Hoc|iPhone
		AppStore|iPhone = AppStore|iPhone
		Debug|Any CPU = Debug|Any CPU
		Debug|iPhone = Debug|iPhone
		Debug|iPhoneSimulator = Debug|iPhoneSimulator
		Release|Any CPU = Release|Any CPU
		Release|iPhone = Release|iPhone
		Release|iPhoneSimulator = Release|iPhoneSimulator
	EndGlobalSection
	GlobalSection(ProjectConfigurationPlatforms) = postSolution
		{881D7DA7-DB83-45A1-8410-4FB29FE8E753}.Ad-Hoc|iPhone.ActiveCfg = Debug|Any CPU
		{881D7DA7-DB83-45A1-8410-4FB29FE8E753}.Ad-Hoc|iPhone.Build.0 = Debug|Any CPU
		{881D7DA7-DB83-45A1-8410-4FB29FE8E753}.AppStore|iPhone.ActiveCfg = Debug|Any CPU
		{881D7DA7-DB83-45A1-8410-4FB29FE8E753}.AppStore|iPhone.Build.0 = Debug|Any CPU
		{881D7DA7-DB83-45A1-8410-4FB29FE8E753}.Debug|Any CPU.ActiveCfg = Debug|Any CPU
		{881D7DA7-DB83-45A1-8410-4FB29FE8E753}.Debug|Any CPU.Build.0 = Debug|Any CPU
		{881D7DA7-DB83-45A1-8410-4FB29FE8E753}.Debug|iPhone.ActiveCfg = Debug|Any CPU
		{881D7DA7-DB83-45A1-8410-4FB29FE8E753}.Debug|iPhone.Build.0 = Debug|Any CPU
		{881D7DA7-DB83-45A1-8410-4FB29FE8E753}.Debug|iPhoneSimulator.ActiveCfg = Debug|Any CPU
		{881D7DA7-DB83-45A1-8410-4FB29FE8E753}.Debug|iPhoneSimulator.Build.0 = Debug|Any CPU
		{881D7DA7-DB83-45A1-8410-4FB29FE8E753}.Release|Any CPU.ActiveCfg = Release|Any CPU
		{881D7DA7-DB83-45A1-8410-4FB29FE8E753}.Release|Any CPU.Build.0 = Release|Any CPU
		{881D7DA7-DB83-45A1-8410-4FB29FE8E753}.Release|iPhone.ActiveCfg = Release|Any CPU
		{881D7DA7-DB83-45A1-8410-4FB29FE8E753}.Release|iPhone.Build.0 = Release|Any CPU
		{881D7DA7-DB83-45A1-8410-4FB29FE8E753}.Release|iPhoneSimulator.ActiveCfg = Release|Any CPU
		{881D7DA7-DB83-45A1-8410-4FB29FE8E753}.Release|iPhoneSimulator.Build.0 = Release|Any CPU
		{47532111-17C5-44A8-A16F-380A90602193}.Ad-Hoc|iPhone.ActiveCfg = Debug|Any CPU
		{47532111-17C5-44A8-A16F-380A90602193}.Ad-Hoc|iPhone.Build.0 = Debug|Any CPU
		{47532111-17C5-44A8-A16F-380A90602193}.Ad-Hoc|iPhone.Deploy.0 = Debug|Any CPU
		{47532111-17C5-44A8-A16F-380A90602193}.AppStore|iPhone.ActiveCfg = Debug|Any CPU
		{47532111-17C5-44A8-A16F-380A90602193}.AppStore|iPhone.Build.0 = Debug|Any CPU
		{47532111-17C5-44A8-A16F-380A90602193}.AppStore|iPhone.Deploy.0 = Debug|Any CPU
		{47532111-17C5-44A8-A16F-380A90602193}.Debug|Any CPU.ActiveCfg = Debug|Any CPU
		{47532111-17C5-44A8-A16F-380A90602193}.Debug|Any CPU.Build.0 = Debug|Any CPU
		{47532111-17C5-44A8-A16F-380A90602193}.Debug|Any CPU.Deploy.0 = Debug|Any CPU
		{47532111-17C5-44A8-A16F-380A90602193}.Debug|iPhone.ActiveCfg = Debug|Any CPU
		{47532111-17C5-44A8-A16F-380A90602193}.Debug|iPhone.Build.0 = Debug|Any CPU
		{47532111-17C5-44A8-A16F-380A90602193}.Debug|iPhone.Deploy.0 = Debug|Any CPU
		{47532111-17C5-44A8-A16F-380A90602193}.Debug|iPhoneSimulator.ActiveCfg = Debug|Any CPU
		{47532111-17C5-44A8-A16F-380A90602193}.Debug|iPhoneSimulator.Build.0 = Debug|Any CPU
		{47532111-17C5-44A8-A16F-380A90602193}.Debug|iPhoneSimulator.Deploy.0 = Debug|Any CPU
		{47532111-17C5-44A8-A16F-380A90602193}.Release|Any CPU.ActiveCfg = Release|Any CPU
		{47532111-17C5-44A8-A16F-380A90602193}.Release|Any CPU.Build.0 = Release|Any CPU
		{47532111-17C5-44A8-A16F-380A90602193}.Release|Any CPU.Deploy.0 = Release|Any CPU
		{47532111-17C5-44A8-A16F-380A90602193}.Release|iPhone.ActiveCfg = Release|Any CPU
		{47532111-17C5-44A8-A16F-380A90602193}.Release|iPhone.Build.0 = Release|Any CPU
		{47532111-17C5-44A8-A16F-380A90602193}.Release|iPhone.Deploy.0 = Release|Any CPU
		{47532111-17C5-44A8-A16F-380A90602193}.Release|iPhoneSimulator.ActiveCfg = Release|Any CPU
		{47532111-17C5-44A8-A16F-380A90602193}.Release|iPhoneSimulator.Build.0 = Release|Any CPU
		{47532111-17C5-44A8-A16F-380A90602193}.Release|iPhoneSimulator.Deploy.0 = Release|Any CPU
		{6D196709-1B3A-489D-8D05-82EFDA4BA811}.Ad-Hoc|iPhone.ActiveCfg = Ad-Hoc|iPhone
		{6D196709-1B3A-489D-8D05-82EFDA4BA811}.Ad-Hoc|iPhone.Build.0 = Ad-Hoc|iPhone
		{6D196709-1B3A-489D-8D05-82EFDA4BA811}.Ad-Hoc|iPhone.Deploy.0 = Ad-Hoc|iPhone
		{6D196709-1B3A-489D-8D05-82EFDA4BA811}.AppStore|iPhone.ActiveCfg = AppStore|iPhone
		{6D196709-1B3A-489D-8D05-82EFDA4BA811}.AppStore|iPhone.Build.0 = AppStore|iPhone
		{6D196709-1B3A-489D-8D05-82EFDA4BA811}.AppStore|iPhone.Deploy.0 = AppStore|iPhone
		{6D196709-1B3A-489D-8D05-82EFDA4BA811}.Debug|Any CPU.ActiveCfg = Debug|iPhoneSimulator
		{6D196709-1B3A-489D-8D05-82EFDA4BA811}.Debug|Any CPU.Build.0 = Debug|iPhoneSimulator
		{6D196709-1B3A-489D-8D05-82EFDA4BA811}.Debug|Any CPU.Deploy.0 = Debug|iPhoneSimulator
		{6D196709-1B3A-489D-8D05-82EFDA4BA811}.Debug|iPhone.ActiveCfg = Debug|iPhone
		{6D196709-1B3A-489D-8D05-82EFDA4BA811}.Debug|iPhone.Build.0 = Debug|iPhone
		{6D196709-1B3A-489D-8D05-82EFDA4BA811}.Debug|iPhone.Deploy.0 = Debug|iPhone
		{6D196709-1B3A-489D-8D05-82EFDA4BA811}.Debug|iPhoneSimulator.ActiveCfg = Debug|iPhoneSimulator
		{6D196709-1B3A-489D-8D05-82EFDA4BA811}.Debug|iPhoneSimulator.Build.0 = Debug|iPhoneSimulator
		{6D196709-1B3A-489D-8D05-82EFDA4BA811}.Debug|iPhoneSimulator.Deploy.0 = Debug|iPhoneSimulator
		{6D196709-1B3A-489D-8D05-82EFDA4BA811}.Release|Any CPU.ActiveCfg = Release|iPhoneSimulator
		{6D196709-1B3A-489D-8D05-82EFDA4BA811}.Release|Any CPU.Build.0 = Release|iPhoneSimulator
		{6D196709-1B3A-489D-8D05-82EFDA4BA811}.Release|Any CPU.Deploy.0 = Release|iPhoneSimulator
		{6D196709-1B3A-489D-8D05-82EFDA4BA811}.Release|iPhone.ActiveCfg = Release|iPhone
		{6D196709-1B3A-489D-8D05-82EFDA4BA811}.Release|iPhone.Build.0 = Release|iPhone
		{6D196709-1B3A-489D-8D05-82EFDA4BA811}.Release|iPhone.Deploy.0 = Release|iPhone
		{6D196709-1B3A-489D-8D05-82EFDA4BA811}.Release|iPhoneSimulator.ActiveCfg = Release|iPhoneSimulator
		{6D196709-1B3A-489D-8D05-82EFDA4BA811}.Release|iPhoneSimulator.Build.0 = Release|iPhoneSimulator
		{6D196709-1B3A-489D-8D05-82EFDA4BA811}.Release|iPhoneSimulator.Deploy.0 = Release|iPhoneSimulator
		{3EFF3E58-B888-429F-818E-F722F833CB01}.Ad-Hoc|iPhone.ActiveCfg = Debug|Any CPU
		{3EFF3E58-B888-429F-818E-F722F833CB01}.Ad-Hoc|iPhone.Build.0 = Debug|Any CPU
		{3EFF3E58-B888-429F-818E-F722F833CB01}.AppStore|iPhone.ActiveCfg = Debug|Any CPU
		{3EFF3E58-B888-429F-818E-F722F833CB01}.AppStore|iPhone.Build.0 = Debug|Any CPU
		{3EFF3E58-B888-429F-818E-F722F833CB01}.Debug|Any CPU.ActiveCfg = Debug|Any CPU
		{3EFF3E58-B888-429F-818E-F722F833CB01}.Debug|Any CPU.Build.0 = Debug|Any CPU
		{3EFF3E58-B888-429F-818E-F722F833CB01}.Debug|iPhone.ActiveCfg = Debug|Any CPU
		{3EFF3E58-B888-429F-818E-F722F833CB01}.Debug|iPhone.Build.0 = Debug|Any CPU
		{3EFF3E58-B888-429F-818E-F722F833CB01}.Debug|iPhoneSimulator.ActiveCfg = Debug|Any CPU
		{3EFF3E58-B888-429F-818E-F722F833CB01}.Debug|iPhoneSimulator.Build.0 = Debug|Any CPU
		{3EFF3E58-B888-429F-818E-F722F833CB01}.Release|Any CPU.ActiveCfg = Release|Any CPU
		{3EFF3E58-B888-429F-818E-F722F833CB01}.Release|Any CPU.Build.0 = Release|Any CPU
		{3EFF3E58-B888-429F-818E-F722F833CB01}.Release|iPhone.ActiveCfg = Release|Any CPU
		{3EFF3E58-B888-429F-818E-F722F833CB01}.Release|iPhone.Build.0 = Release|Any CPU
		{3EFF3E58-B888-429F-818E-F722F833CB01}.Release|iPhoneSimulator.ActiveCfg = Release|Any CPU
		{3EFF3E58-B888-429F-818E-F722F833CB01}.Release|iPhoneSimulator.Build.0 = Release|Any CPU
		{A20834D7-23A6-47C5-A653-3E445DEDD9E8}.Ad-Hoc|iPhone.ActiveCfg = Debug|Any CPU
		{A20834D7-23A6-47C5-A653-3E445DEDD9E8}.Ad-Hoc|iPhone.Build.0 = Debug|Any CPU
		{A20834D7-23A6-47C5-A653-3E445DEDD9E8}.AppStore|iPhone.ActiveCfg = Debug|Any CPU
		{A20834D7-23A6-47C5-A653-3E445DEDD9E8}.AppStore|iPhone.Build.0 = Debug|Any CPU
		{A20834D7-23A6-47C5-A653-3E445DEDD9E8}.Debug|Any CPU.ActiveCfg = Debug|Any CPU
		{A20834D7-23A6-47C5-A653-3E445DEDD9E8}.Debug|Any CPU.Build.0 = Debug|Any CPU
		{A20834D7-23A6-47C5-A653-3E445DEDD9E8}.Debug|iPhone.ActiveCfg = Debug|Any CPU
		{A20834D7-23A6-47C5-A653-3E445DEDD9E8}.Debug|iPhone.Build.0 = Debug|Any CPU
		{A20834D7-23A6-47C5-A653-3E445DEDD9E8}.Debug|iPhoneSimulator.ActiveCfg = Debug|Any CPU
		{A20834D7-23A6-47C5-A653-3E445DEDD9E8}.Debug|iPhoneSimulator.Build.0 = Debug|Any CPU
		{A20834D7-23A6-47C5-A653-3E445DEDD9E8}.Release|Any CPU.ActiveCfg = Release|Any CPU
		{A20834D7-23A6-47C5-A653-3E445DEDD9E8}.Release|Any CPU.Build.0 = Release|Any CPU
		{A20834D7-23A6-47C5-A653-3E445DEDD9E8}.Release|iPhone.ActiveCfg = Release|Any CPU
		{A20834D7-23A6-47C5-A653-3E445DEDD9E8}.Release|iPhone.Build.0 = Release|Any CPU
		{A20834D7-23A6-47C5-A653-3E445DEDD9E8}.Release|iPhoneSimulator.ActiveCfg = Release|Any CPU
		{A20834D7-23A6-47C5-A653-3E445DEDD9E8}.Release|iPhoneSimulator.Build.0 = Release|Any CPU
		{569564BB-CDD2-409D-A89C-7A323A500F0F}.Ad-Hoc|iPhone.ActiveCfg = Debug|Any CPU
		{569564BB-CDD2-409D-A89C-7A323A500F0F}.Ad-Hoc|iPhone.Build.0 = Debug|Any CPU
		{569564BB-CDD2-409D-A89C-7A323A500F0F}.AppStore|iPhone.ActiveCfg = Debug|Any CPU
		{569564BB-CDD2-409D-A89C-7A323A500F0F}.AppStore|iPhone.Build.0 = Debug|Any CPU
		{569564BB-CDD2-409D-A89C-7A323A500F0F}.Debug|Any CPU.ActiveCfg = Debug|Any CPU
		{569564BB-CDD2-409D-A89C-7A323A500F0F}.Debug|Any CPU.Build.0 = Debug|Any CPU
		{569564BB-CDD2-409D-A89C-7A323A500F0F}.Debug|iPhone.ActiveCfg = Debug|Any CPU
		{569564BB-CDD2-409D-A89C-7A323A500F0F}.Debug|iPhone.Build.0 = Debug|Any CPU
		{569564BB-CDD2-409D-A89C-7A323A500F0F}.Debug|iPhoneSimulator.ActiveCfg = Debug|Any CPU
		{569564BB-CDD2-409D-A89C-7A323A500F0F}.Debug|iPhoneSimulator.Build.0 = Debug|Any CPU
		{569564BB-CDD2-409D-A89C-7A323A500F0F}.Release|Any CPU.ActiveCfg = Release|Any CPU
		{569564BB-CDD2-409D-A89C-7A323A500F0F}.Release|Any CPU.Build.0 = Release|Any CPU
		{569564BB-CDD2-409D-A89C-7A323A500F0F}.Release|iPhone.ActiveCfg = Release|Any CPU
		{569564BB-CDD2-409D-A89C-7A323A500F0F}.Release|iPhone.Build.0 = Release|Any CPU
		{569564BB-CDD2-409D-A89C-7A323A500F0F}.Release|iPhoneSimulator.ActiveCfg = Release|Any CPU
		{569564BB-CDD2-409D-A89C-7A323A500F0F}.Release|iPhoneSimulator.Build.0 = Release|Any CPU
		{6CDAC3A1-F8FA-4B19-BECC-E6B555FC1DAF}.Ad-Hoc|iPhone.ActiveCfg = Debug|Any CPU
		{6CDAC3A1-F8FA-4B19-BECC-E6B555FC1DAF}.Ad-Hoc|iPhone.Build.0 = Debug|Any CPU
		{6CDAC3A1-F8FA-4B19-BECC-E6B555FC1DAF}.AppStore|iPhone.ActiveCfg = Debug|Any CPU
		{6CDAC3A1-F8FA-4B19-BECC-E6B555FC1DAF}.AppStore|iPhone.Build.0 = Debug|Any CPU
		{6CDAC3A1-F8FA-4B19-BECC-E6B555FC1DAF}.Debug|Any CPU.ActiveCfg = Debug|Any CPU
		{6CDAC3A1-F8FA-4B19-BECC-E6B555FC1DAF}.Debug|Any CPU.Build.0 = Debug|Any CPU
		{6CDAC3A1-F8FA-4B19-BECC-E6B555FC1DAF}.Debug|iPhone.ActiveCfg = Debug|Any CPU
		{6CDAC3A1-F8FA-4B19-BECC-E6B555FC1DAF}.Debug|iPhone.Build.0 = Debug|Any CPU
		{6CDAC3A1-F8FA-4B19-BECC-E6B555FC1DAF}.Debug|iPhoneSimulator.ActiveCfg = Debug|Any CPU
		{6CDAC3A1-F8FA-4B19-BECC-E6B555FC1DAF}.Debug|iPhoneSimulator.Build.0 = Debug|Any CPU
		{6CDAC3A1-F8FA-4B19-BECC-E6B555FC1DAF}.Release|Any CPU.ActiveCfg = Release|Any CPU
		{6CDAC3A1-F8FA-4B19-BECC-E6B555FC1DAF}.Release|Any CPU.Build.0 = Release|Any CPU
		{6CDAC3A1-F8FA-4B19-BECC-E6B555FC1DAF}.Release|iPhone.ActiveCfg = Release|Any CPU
		{6CDAC3A1-F8FA-4B19-BECC-E6B555FC1DAF}.Release|iPhone.Build.0 = Release|Any CPU
		{6CDAC3A1-F8FA-4B19-BECC-E6B555FC1DAF}.Release|iPhoneSimulator.ActiveCfg = Release|Any CPU
		{6CDAC3A1-F8FA-4B19-BECC-E6B555FC1DAF}.Release|iPhoneSimulator.Build.0 = Release|Any CPU
	EndGlobalSection
EndGlobal
